
Microsoft Visual Studio Solution File, Format Version 10.00
# Visual Basic Express 2008
Project("{F184B08F-C81C-45F6-A57F-5ABD9991F28F}") = "AllDay DJ 2 Scheduler (Console)", "AllDay DJ 2 Scheduler (Console)\AllDay DJ 2 Scheduler (Console).vbproj", "{8BC2612F-98A7-4B0A-B67C-705C754B0362}"
EndProject
Global
	GlobalSection(SolutionConfigurationPlatforms) = preSolution
		Debug|Any CPU = Debug|Any CPU
		Release|Any CPU = Release|Any CPU
	EndGlobalSection
	GlobalSection(ProjectConfigurationPlatforms) = postSolution
		{8BC2612F-98A7-4B0A-B67C-705C754B0362}.Debug|Any CPU.ActiveCfg = Debug|Any CPU
		{8BC2612F-98A7-4B0A-B67C-705C754B0362}.Debug|Any CPU.Build.0 = Debug|Any CPU
		{8BC2612F-98A7-4B0A-B67C-705C754B0362}.Release|Any CPU.ActiveCfg = Release|Any CPU
		{8BC2612F-98A7-4B0A-B67C-705C754B0362}.Release|Any CPU.Build.0 = Release|Any CPU
	EndGlobalSection
	GlobalSection(SolutionProperties) = preSolution
		HideSolutionNode = FALSE
	EndGlobalSection
EndGlobal
